<?xml version="1.0" encoding="utf-8"?>
<Project ToolsVersion="4.0" xmlns="http://schemas.microsoft.com/developer/msbuild/2003">
  <ItemGroup>
    <Filter Include="Source Files">
      <UniqueIdentifier>{4FC737F1-C7A5-4376-A066-2A32D752A2FF}</UniqueIdentifier>
      <Extensions>cpp;c;cc;cxx;c++;cppm;ixx;def;odl;idl;hpj;bat;asm;asmx</Extensions>
    </Filter>
    <Filter Include="Header Files">
      <UniqueIdentifier>{93995380-89BD-4b04-88EB-625FBE52EBFB}</UniqueIdentifier>
      <Extensions>h;hh;hpp;hxx;h++;hm;inl;inc;ipp;xsd</Extensions>
    </Filter>
    <Filter Include="Resource Files">
      <UniqueIdentifier>{67DA6AB6-F800-4c08-8B7A-83BB121AAD01}</UniqueIdentifier>
      <Extensions>rc;ico;cur;bmp;dlg;rc2;rct;bin;rgs;gif;jpg;jpeg;jpe;resx;tiff;tif;png;wav;mfcribbon-ms</Extensions>
    </Filter>
    <Filter Include="TestData">
      <UniqueIdentifier>{ee510079-3ec6-48cf-9c0a-26773bd557a6}</UniqueIdentifier>
    </Filter>
  </ItemGroup>
  <ItemGroup>
    <ClInclude Include="boardmanager.h">
      <Filter>Header Files</Filter>
    </ClInclude>
    <ClInclude Include="supercell.h">
      <Filter>Header Files</Filter>
    </ClInclude>
  </ItemGroup>
  <ItemGroup>
    <ClCompile Include="boardmanager.cpp">
      <Filter>Source Files</Filter>
    </ClCompile>
    <ClCompile Include="gameoflife.cpp">
      <Filter>Source Files</Filter>
    </ClCompile>
    <ClCompile Include="supercell.cpp">
      <Filter>Source Files</Filter>
    </ClCompile>
  </ItemGroup>
  <ItemGroup>
    <Text Include="test.txt">
      <Filter>TestData</Filter>
    </Text>
    <Text Include="r-pentomino.txt">
      <Filter>TestData</Filter>
    </Text>
    <Text Include="edge-top.txt">
      <Filter>TestData</Filter>
    </Text>
    <Text Include="edge-bottom.txt">
      <Filter>TestData</Filter>
    </Text>
    <Text Include="edge-left.txt">
      <Filter>TestData</Filter>
    </Text>
    <Text Include="edge-right.txt">
      <Filter>TestData</Filter>
    </Text>
    <Text Include="corner.txt">
      <Filter>TestData</Filter>
    </Text>
    <Text Include="glider-gun.txt">
      <Filter>TestData</Filter>
    </Text>
  </ItemGroup>
  <ItemGroup>
    <None Include="README.md" />
  </ItemGroup>
</Project>